// !$*UTF8*$!
{
	archiveVersion = 1;
	classes = {
	};
	objectVersion = 46;
	objects = {

/* Begin PBXBuildFile section */
		D8123AEB18F0C14500D7742F /* RNFrostedSidebar.m in Sources */ = {isa = PBXBuildFile; fileRef = D8123AEA18F0C14500D7742F /* RNFrostedSidebar.m */; };
		D83A88F018EEA4C700B8261D /* WaterUpView.m in Sources */ = {isa = PBXBuildFile; fileRef = D83A88EF18EEA4C700B8261D /* WaterUpView.m */; };
		D83A88F318EEA4D900B8261D /* WaterDownView.m in Sources */ = {isa = PBXBuildFile; fileRef = D83A88F218EEA4D900B8261D /* WaterDownView.m */; };
		D83A88F718EEA76100B8261D /* Water.m in Sources */ = {isa = PBXBuildFile; fileRef = D83A88F618EEA76100B8261D /* Water.m */; };
		D83A88F918EEABD300B8261D /* QuartzCore.framework in Frameworks */ = {isa = PBXBuildFile; fileRef = D83A88F818EEABD300B8261D /* QuartzCore.framework */; };
		D865D7F618ED99180081594B /* timer_clockdown.png in Resources */ = {isa = PBXBuildFile; fileRef = D865D7F118ED99180081594B /* timer_clockdown.png */; };
		D865D7F718ED99180081594B /* timer_clockup.png in Resources */ = {isa = PBXBuildFile; fileRef = D865D7F218ED99180081594B /* timer_clockup.png */; };
		D865D7F818ED99180081594B /* timer_item_repeatline.png in Resources */ = {isa = PBXBuildFile; fileRef = D865D7F318ED99180081594B /* timer_item_repeatline.png */; };
		D865D7F918ED99180081594B /* timer_water.png in Resources */ = {isa = PBXBuildFile; fileRef = D865D7F418ED99180081594B /* timer_water.png */; };
		D87C3DF118EEBD5B002771D2 /* didi.mp3 in Resources */ = {isa = PBXBuildFile; fileRef = D87C3DEA18EEBD5B002771D2 /* didi.mp3 */; };
		D87C3DF218EEBD5B002771D2 /* waterdrop_4.mp3 in Resources */ = {isa = PBXBuildFile; fileRef = D87C3DEB18EEBD5B002771D2 /* waterdrop_4.mp3 */; };
		D87C3DF318EEBD5B002771D2 /* waterdrop_5.mp3 in Resources */ = {isa = PBXBuildFile; fileRef = D87C3DEC18EEBD5B002771D2 /* waterdrop_5.mp3 */; };
		D87C3DF418EEBD5B002771D2 /* waterdrop_6.mp3 in Resources */ = {isa = PBXBuildFile; fileRef = D87C3DED18EEBD5B002771D2 /* waterdrop_6.mp3 */; };
		D87C3DF518EEBD5B002771D2 /* waterdrop_7.mp3 in Resources */ = {isa = PBXBuildFile; fileRef = D87C3DEE18EEBD5B002771D2 /* waterdrop_7.mp3 */; };
		D87C3DF618EEBD5B002771D2 /* waterdrop_8.mp3 in Resources */ = {isa = PBXBuildFile; fileRef = D87C3DEF18EEBD5B002771D2 /* waterdrop_8.mp3 */; };
		D87C3DF718EEBD5B002771D2 /* waterdrop_9.mp3 in Resources */ = {isa = PBXBuildFile; fileRef = D87C3DF018EEBD5B002771D2 /* waterdrop_9.mp3 */; };
		D87C3DFB18EEC5FE002771D2 /* timer_wave2.png in Resources */ = {isa = PBXBuildFile; fileRef = D87C3DF918EEC5FE002771D2 /* timer_wave2.png */; };
		D87C3DFC18EEC5FE002771D2 /* timer_wave1.png in Resources */ = {isa = PBXBuildFile; fileRef = D87C3DFA18EEC5FE002771D2 /* timer_wave1.png */; };
		D87C3DFF18EED11B002771D2 /* TimeView.m in Sources */ = {isa = PBXBuildFile; fileRef = D87C3DFE18EED11B002771D2 /* TimeView.m */; };
		D87C3E0218EED385002771D2 /* WaterWave.m in Sources */ = {isa = PBXBuildFile; fileRef = D87C3E0118EED385002771D2 /* WaterWave.m */; };
		D89B888918ED30B700D316FC /* Foundation.framework in Frameworks */ = {isa = PBXBuildFile; fileRef = D89B888818ED30B700D316FC /* Foundation.framework */; };
		D89B888B18ED30B700D316FC /* CoreGraphics.framework in Frameworks */ = {isa = PBXBuildFile; fileRef = D89B888A18ED30B700D316FC /* CoreGraphics.framework */; };
		D89B888D18ED30B700D316FC /* UIKit.framework in Frameworks */ = {isa = PBXBuildFile; fileRef = D89B888C18ED30B700D316FC /* UIKit.framework */; };
		D89B889318ED30B700D316FC /* InfoPlist.strings in Resources */ = {isa = PBXBuildFile; fileRef = D89B889118ED30B700D316FC /* InfoPlist.strings */; };
		D89B889518ED30B700D316FC /* main.m in Sources */ = {isa = PBXBuildFile; fileRef = D89B889418ED30B700D316FC /* main.m */; };
		D89B889918ED30B700D316FC /* AppDelegate.m in Sources */ = {isa = PBXBuildFile; fileRef = D89B889818ED30B700D316FC /* AppDelegate.m */; };
		D89B889C18ED30B700D316FC /* Main_iPhone.storyboard in Resources */ = {isa = PBXBuildFile; fileRef = D89B889A18ED30B700D316FC /* Main_iPhone.storyboard */; };
		D89B88A218ED30B700D316FC /* ViewController.m in Sources */ = {isa = PBXBuildFile; fileRef = D89B88A118ED30B700D316FC /* ViewController.m */; };
		D89B88A418ED30B700D316FC /* Images.xcassets in Resources */ = {isa = PBXBuildFile; fileRef = D89B88A318ED30B700D316FC /* Images.xcassets */; };
		D89B88AB18ED30B700D316FC /* XCTest.framework in Frameworks */ = {isa = PBXBuildFile; fileRef = D89B88AA18ED30B700D316FC /* XCTest.framework */; };
		D89B88AC18ED30B700D316FC /* Foundation.framework in Frameworks */ = {isa = PBXBuildFile; fileRef = D89B888818ED30B700D316FC /* Foundation.framework */; };
		D89B88AD18ED30B700D316FC /* UIKit.framework in Frameworks */ = {isa = PBXBuildFile; fileRef = D89B888C18ED30B700D316FC /* UIKit.framework */; };
		D89B88B518ED30B700D316FC /* InfoPlist.strings in Resources */ = {isa = PBXBuildFile; fileRef = D89B88B318ED30B700D316FC /* InfoPlist.strings */; };
		D89B88B718ED30B700D316FC /* countdownTests.m in Sources */ = {isa = PBXBuildFile; fileRef = D89B88B618ED30B700D316FC /* countdownTests.m */; };
		D89E882218F05B9E00D8CE65 /* timer_icon_timelist.png in Resources */ = {isa = PBXBuildFile; fileRef = D89E882118F05B9E00D8CE65 /* timer_icon_timelist.png */; };
		D89E882618F0658400D8CE65 /* Icon.png in Resources */ = {isa = PBXBuildFile; fileRef = D89E882518F0658400D8CE65 /* Icon.png */; };
		D8AF5F0518EFE9550074FCB8 /* light.ttf in Resources */ = {isa = PBXBuildFile; fileRef = D8AF5F0418EFE9510074FCB8 /* light.ttf */; };
		D8AF5F0618EFE95A0074FCB8 /* light.ttf in Sources */ = {isa = PBXBuildFile; fileRef = D8AF5F0418EFE9510074FCB8 /* light.ttf */; };
		D8AF5F0818F004D20074FCB8 /* bg_bg.png in Resources */ = {isa = PBXBuildFile; fileRef = D8AF5F0718F004D20074FCB8 /* bg_bg.png */; };
		D8AF5F0C18F005DB0074FCB8 /* xx.png in Resources */ = {isa = PBXBuildFile; fileRef = D8AF5F0B18F005DB0074FCB8 /* xx.png */; };
		D8AF5F0E18F0065B0074FCB8 /* xxx.png in Resources */ = {isa = PBXBuildFile; fileRef = D8AF5F0D18F0065B0074FCB8 /* xxx.png */; };
		D8D73D8D18EFA8AC00B6234D /* Slide.xib in Resources */ = {isa = PBXBuildFile; fileRef = D8D73D8C18EFA8AC00B6234D /* Slide.xib */; };
		D8D73D9218EFBB4500B6234D /* SlideView.m in Sources */ = {isa = PBXBuildFile; fileRef = D8D73D9118EFBB4500B6234D /* SlideView.m */; };
		D8EA1B1E18F14653002E74CB /* touch.png in Resources */ = {isa = PBXBuildFile; fileRef = D8EA1B1D18F14653002E74CB /* touch.png */; };
		D8EA1BBE18F14C88002E74CB /* libz.dylib in Frameworks */ = {isa = PBXBuildFile; fileRef = D8EA1BBD18F14C88002E74CB /* libz.dylib */; };
		D8EA1BC818F14E4A002E74CB /* icon.png in Resources */ = {isa = PBXBuildFile; fileRef = D8EA1BC718F14E4A002E74CB /* icon.png */; };
		D8F44CA8193211DA008925BA /* rating-star@2x.png in Resources */ = {isa = PBXBuildFile; fileRef = D8F44CA7193211DA008925BA /* rating-star@2x.png */; };
		D8F44CAA193211F8008925BA /* ShareSheetGift@2x.png in Resources */ = {isa = PBXBuildFile; fileRef = D8F44CA9193211F8008925BA /* ShareSheetGift@2x.png */; };
		D8F44CAC1932121F008925BA /* card-transport-mail@2x.png in Resources */ = {isa = PBXBuildFile; fileRef = D8F44CAB1932121F008925BA /* card-transport-mail@2x.png */; };
		D8F44CB01932144A008925BA /* FavoritesPlaceholder@2x.png in Resources */ = {isa = PBXBuildFile; fileRef = D8F44CAF1932144A008925BA /* FavoritesPlaceholder@2x.png */; };
		D8F44CB31932148A008925BA /* SettingTableViewController.m in Sources */ = {isa = PBXBuildFile; fileRef = D8F44CB21932148A008925BA /* SettingTableViewController.m */; };
		D8F44CB519321C3B008925BA /* MessageUI.framework in Frameworks */ = {isa = PBXBuildFile; fileRef = D8F44CB419321C3B008925BA /* MessageUI.framework */; };
		D8F44CB719321E3E008925BA /* UIShareMask@2x.png in Resources */ = {isa = PBXBuildFile; fileRef = D8F44CB619321E3E008925BA /* UIShareMask@2x.png */; };
/* End PBXBuildFile section */

/* Begin PBXContainerItemProxy section */
		D89B88AE18ED30B700D316FC /* PBXContainerItemProxy */ = {
			isa = PBXContainerItemProxy;
			containerPortal = D89B887D18ED30B700D316FC /* Project object */;
			proxyType = 1;
			remoteGlobalIDString = D89B888418ED30B700D316FC;
			remoteInfo = countdown;
		};
/* End PBXContainerItemProxy section */

/* Begin PBXFileReference section */
		D8123AE918F0C14500D7742F /* RNFrostedSidebar.h */ = {isa = PBXFileReference; fileEncoding = 4; lastKnownFileType = sourcecode.c.h; path = RNFrostedSidebar.h; sourceTree = "<group>"; };
		D8123AEA18F0C14500D7742F /* RNFrostedSidebar.m */ = {isa = PBXFileReference; fileEncoding = 4; lastKnownFileType = sourcecode.c.objc; path = RNFrostedSidebar.m; sourceTree = "<group>"; };
		D83A88EE18EEA4C700B8261D /* WaterUpView.h */ = {isa = PBXFileReference; fileEncoding = 4; lastKnownFileType = sourcecode.c.h; name = WaterUpView.h; path = countdown/WaterUpView.h; sourceTree = "<group>"; };
		D83A88EF18EEA4C700B8261D /* WaterUpView.m */ = {isa = PBXFileReference; fileEncoding = 4; lastKnownFileType = sourcecode.c.objc; name = WaterUpView.m; path = countdown/WaterUpView.m; sourceTree = "<group>"; };
		D83A88F118EEA4D900B8261D /* WaterDownView.h */ = {isa = PBXFileReference; fileEncoding = 4; lastKnownFileType = sourcecode.c.h; name = WaterDownView.h; path = countdown/WaterDownView.h; sourceTree = "<group>"; };
		D83A88F218EEA4D900B8261D /* WaterDownView.m */ = {isa = PBXFileReference; fileEncoding = 4; lastKnownFileType = sourcecode.c.objc; name = WaterDownView.m; path = countdown/WaterDownView.m; sourceTree = "<group>"; };
		D83A88F518EEA76100B8261D /* Water.h */ = {isa = PBXFileReference; fileEncoding = 4; lastKnownFileType = sourcecode.c.h; name = Water.h; path = countdown/Water.h; sourceTree = "<group>"; };
		D83A88F618EEA76100B8261D /* Water.m */ = {isa = PBXFileReference; fileEncoding = 4; lastKnownFileType = sourcecode.c.objc; name = Water.m; path = countdown/Water.m; sourceTree = "<group>"; };
		D83A88F818EEABD300B8261D /* QuartzCore.framework */ = {isa = PBXFileReference; lastKnownFileType = wrapper.framework; name = QuartzCore.framework; path = System/Library/Frameworks/QuartzCore.framework; sourceTree = SDKROOT; };
		D865D7F118ED99180081594B /* timer_clockdown.png */ = {isa = PBXFileReference; lastKnownFileType = image.png; path = timer_clockdown.png; sourceTree = "<group>"; };
		D865D7F218ED99180081594B /* timer_clockup.png */ = {isa = PBXFileReference; lastKnownFileType = image.png; path = timer_clockup.png; sourceTree = "<group>"; };
		D865D7F318ED99180081594B /* timer_item_repeatline.png */ = {isa = PBXFileReference; lastKnownFileType = image.png; path = timer_item_repeatline.png; sourceTree = "<group>"; };
		D865D7F418ED99180081594B /* timer_water.png */ = {isa = PBXFileReference; lastKnownFileType = image.png; path = timer_water.png; sourceTree = "<group>"; };
		D87C3DEA18EEBD5B002771D2 /* didi.mp3 */ = {isa = PBXFileReference; lastKnownFileType = audio.mp3; path = didi.mp3; sourceTree = "<group>"; };
		D87C3DEB18EEBD5B002771D2 /* waterdrop_4.mp3 */ = {isa = PBXFileReference; lastKnownFileType = audio.mp3; path = waterdrop_4.mp3; sourceTree = "<group>"; };
		D87C3DEC18EEBD5B002771D2 /* waterdrop_5.mp3 */ = {isa = PBXFileReference; lastKnownFileType = audio.mp3; path = waterdrop_5.mp3; sourceTree = "<group>"; };
		D87C3DED18EEBD5B002771D2 /* waterdrop_6.mp3 */ = {isa = PBXFileReference; lastKnownFileType = audio.mp3; path = waterdrop_6.mp3; sourceTree = "<group>"; };
		D87C3DEE18EEBD5B002771D2 /* waterdrop_7.mp3 */ = {isa = PBXFileReference; lastKnownFileType = audio.mp3; path = waterdrop_7.mp3; sourceTree = "<group>"; };
		D87C3DEF18EEBD5B002771D2 /* waterdrop_8.mp3 */ = {isa = PBXFileReference; lastKnownFileType = audio.mp3; path = waterdrop_8.mp3; sourceTree = "<group>"; };
		D87C3DF018EEBD5B002771D2 /* waterdrop_9.mp3 */ = {isa = PBXFileReference; lastKnownFileType = audio.mp3; path = waterdrop_9.mp3; sourceTree = "<group>"; };
		D87C3DF918EEC5FE002771D2 /* timer_wave2.png */ = {isa = PBXFileReference; lastKnownFileType = image.png; path = timer_wave2.png; sourceTree = "<group>"; };
		D87C3DFA18EEC5FE002771D2 /* timer_wave1.png */ = {isa = PBXFileReference; lastKnownFileType = image.png; path = timer_wave1.png; sourceTree = "<group>"; };
		D87C3DFD18EED11B002771D2 /* TimeView.h */ = {isa = PBXFileReference; fileEncoding = 4; lastKnownFileType = sourcecode.c.h; name = TimeView.h; path = countdown/TimeView.h; sourceTree = "<group>"; };
		D87C3DFE18EED11B002771D2 /* TimeView.m */ = {isa = PBXFileReference; fileEncoding = 4; lastKnownFileType = sourcecode.c.objc; name = TimeView.m; path = countdown/TimeView.m; sourceTree = "<group>"; };
		D87C3E0018EED385002771D2 /* WaterWave.h */ = {isa = PBXFileReference; fileEncoding = 4; lastKnownFileType = sourcecode.c.h; name = WaterWave.h; path = countdown/WaterWave.h; sourceTree = "<group>"; };
		D87C3E0118EED385002771D2 /* WaterWave.m */ = {isa = PBXFileReference; fileEncoding = 4; lastKnownFileType = sourcecode.c.objc; name = WaterWave.m; path = countdown/WaterWave.m; sourceTree = "<group>"; };
		D89B888518ED30B700D316FC /* countdown.app */ = {isa = PBXFileReference; explicitFileType = wrapper.application; includeInIndex = 0; path = countdown.app; sourceTree = BUILT_PRODUCTS_DIR; };
		D89B888818ED30B700D316FC /* Foundation.framework */ = {isa = PBXFileReference; lastKnownFileType = wrapper.framework; name = Foundation.framework; path = System/Library/Frameworks/Foundation.framework; sourceTree = SDKROOT; };
		D89B888A18ED30B700D316FC /* CoreGraphics.framework */ = {isa = PBXFileReference; lastKnownFileType = wrapper.framework; name = CoreGraphics.framework; path = System/Library/Frameworks/CoreGraphics.framework; sourceTree = SDKROOT; };
		D89B888C18ED30B700D316FC /* UIKit.framework */ = {isa = PBXFileReference; lastKnownFileType = wrapper.framework; name = UIKit.framework; path = System/Library/Frameworks/UIKit.framework; sourceTree = SDKROOT; };
		D89B889018ED30B700D316FC /* countdown-Info.plist */ = {isa = PBXFileReference; lastKnownFileType = text.plist.xml; path = "countdown-Info.plist"; sourceTree = "<group>"; };
		D89B889218ED30B700D316FC /* en */ = {isa = PBXFileReference; lastKnownFileType = text.plist.strings; name = en; path = en.lproj/InfoPlist.strings; sourceTree = "<group>"; };
		D89B889418ED30B700D316FC /* main.m */ = {isa = PBXFileReference; lastKnownFileType = sourcecode.c.objc; path = main.m; sourceTree = "<group>"; };
		D89B889618ED30B700D316FC /* countdown-Prefix.pch */ = {isa = PBXFileReference; lastKnownFileType = sourcecode.c.h; path = "countdown-Prefix.pch"; sourceTree = "<group>"; };
		D89B889718ED30B700D316FC /* AppDelegate.h */ = {isa = PBXFileReference; lastKnownFileType = sourcecode.c.h; path = AppDelegate.h; sourceTree = "<group>"; };
		D89B889818ED30B700D316FC /* AppDelegate.m */ = {isa = PBXFileReference; lastKnownFileType = sourcecode.c.objc; path = AppDelegate.m; sourceTree = "<group>"; };
		D89B889B18ED30B700D316FC /* Base */ = {isa = PBXFileReference; lastKnownFileType = file.storyboard; name = Base; path = Base.lproj/Main_iPhone.storyboard; sourceTree = "<group>"; };
		D89B88A018ED30B700D316FC /* ViewController.h */ = {isa = PBXFileReference; lastKnownFileType = sourcecode.c.h; path = ViewController.h; sourceTree = "<group>"; };
		D89B88A118ED30B700D316FC /* ViewController.m */ = {isa = PBXFileReference; lastKnownFileType = sourcecode.c.objc; path = ViewController.m; sourceTree = "<group>"; };
		D89B88A318ED30B700D316FC /* Images.xcassets */ = {isa = PBXFileReference; lastKnownFileType = folder.assetcatalog; path = Images.xcassets; sourceTree = "<group>"; };
		D89B88A918ED30B700D316FC /* countdownTests.xctest */ = {isa = PBXFileReference; explicitFileType = wrapper.cfbundle; includeInIndex = 0; path = countdownTests.xctest; sourceTree = BUILT_PRODUCTS_DIR; };
		D89B88AA18ED30B700D316FC /* XCTest.framework */ = {isa = PBXFileReference; lastKnownFileType = wrapper.framework; name = XCTest.framework; path = Library/Frameworks/XCTest.framework; sourceTree = DEVELOPER_DIR; };
		D89B88B218ED30B700D316FC /* countdownTests-Info.plist */ = {isa = PBXFileReference; lastKnownFileType = text.plist.xml; path = "countdownTests-Info.plist"; sourceTree = "<group>"; };
		D89B88B418ED30B700D316FC /* en */ = {isa = PBXFileReference; lastKnownFileType = text.plist.strings; name = en; path = en.lproj/InfoPlist.strings; sourceTree = "<group>"; };
		D89B88B618ED30B700D316FC /* countdownTests.m */ = {isa = PBXFileReference; lastKnownFileType = sourcecode.c.objc; path = countdownTests.m; sourceTree = "<group>"; };
		D89E882118F05B9E00D8CE65 /* timer_icon_timelist.png */ = {isa = PBXFileReference; lastKnownFileType = image.png; path = timer_icon_timelist.png; sourceTree = "<group>"; };
		D89E882518F0658400D8CE65 /* Icon.png */ = {isa = PBXFileReference; lastKnownFileType = image.png; path = Icon.png; sourceTree = "<group>"; };
		D8AF5F0418EFE9510074FCB8 /* light.ttf */ = {isa = PBXFileReference; lastKnownFileType = file; name = light.ttf; path = countdown/light.ttf; sourceTree = "<group>"; };
		D8AF5F0718F004D20074FCB8 /* bg_bg.png */ = {isa = PBXFileReference; lastKnownFileType = image.png; path = bg_bg.png; sourceTree = "<group>"; };
		D8AF5F0B18F005DB0074FCB8 /* xx.png */ = {isa = PBXFileReference; lastKnownFileType = image.png; path = xx.png; sourceTree = "<group>"; };
		D8AF5F0D18F0065B0074FCB8 /* xxx.png */ = {isa = PBXFileReference; lastKnownFileType = image.png; path = xxx.png; sourceTree = "<group>"; };
		D8D73D8C18EFA8AC00B6234D /* Slide.xib */ = {isa = PBXFileReference; fileEncoding = 4; lastKnownFileType = file.xib; path = Slide.xib; sourceTree = "<group>"; };
		D8D73D9018EFBB4500B6234D /* SlideView.h */ = {isa = PBXFileReference; fileEncoding = 4; lastKnownFileType = sourcecode.c.h; name = SlideView.h; path = countdown/SlideView.h; sourceTree = "<group>"; };
		D8D73D9118EFBB4500B6234D /* SlideView.m */ = {isa = PBXFileReference; fileEncoding = 4; lastKnownFileType = sourcecode.c.objc; name = SlideView.m; path = countdown/SlideView.m; sourceTree = "<group>"; };
		D8EA1B1D18F14653002E74CB /* touch.png */ = {isa = PBXFileReference; lastKnownFileType = image.png; path = touch.png; sourceTree = "<group>"; };
		D8EA1BBD18F14C88002E74CB /* libz.dylib */ = {isa = PBXFileReference; lastKnownFileType = "compiled.mach-o.dylib"; name = libz.dylib; path = usr/lib/libz.dylib; sourceTree = SDKROOT; };
		D8EA1BC718F14E4A002E74CB /* icon.png */ = {isa = PBXFileReference; lastKnownFileType = image.png; path = icon.png; sourceTree = "<group>"; };
		D8EA1BC918F15A01002E74CB /* zh-Hans */ = {isa = PBXFileReference; lastKnownFileType = text.plist.strings; name = "zh-Hans"; path = "zh-Hans.lproj/Main_iPhone.strings"; sourceTree = "<group>"; };
		D8EA1BCB18F15A01002E74CB /* zh-Hans */ = {isa = PBXFileReference; lastKnownFileType = text.plist.strings; name = "zh-Hans"; path = "zh-Hans.lproj/InfoPlist.strings"; sourceTree = "<group>"; };
		D8EA1BCC18F15A02002E74CB /* zh-Hans */ = {isa = PBXFileReference; lastKnownFileType = text.plist.strings; name = "zh-Hans"; path = "zh-Hans.lproj/InfoPlist.strings"; sourceTree = "<group>"; };
		D8F44CA7193211DA008925BA /* rating-star@2x.png */ = {isa = PBXFileReference; lastKnownFileType = image.png; path = "rating-star@2x.png"; sourceTree = "<group>"; };
		D8F44CA9193211F8008925BA /* ShareSheetGift@2x.png */ = {isa = PBXFileReference; lastKnownFileType = image.png; path = "ShareSheetGift@2x.png"; sourceTree = "<group>"; };
		D8F44CAB1932121F008925BA /* card-transport-mail@2x.png */ = {isa = PBXFileReference; lastKnownFileType = image.png; path = "card-transport-mail@2x.png"; sourceTree = "<group>"; };
		D8F44CAF1932144A008925BA /* FavoritesPlaceholder@2x.png */ = {isa = PBXFileReference; lastKnownFileType = image.png; path = "FavoritesPlaceholder@2x.png"; sourceTree = "<group>"; };
		D8F44CB11932148A008925BA /* SettingTableViewController.h */ = {isa = PBXFileReference; fileEncoding = 4; lastKnownFileType = sourcecode.c.h; path = SettingTableViewController.h; sourceTree = "<group>"; };
		D8F44CB21932148A008925BA /* SettingTableViewController.m */ = {isa = PBXFileReference; fileEncoding = 4; lastKnownFileType = sourcecode.c.objc; path = SettingTableViewController.m; sourceTree = "<group>"; };
		D8F44CB419321C3B008925BA /* MessageUI.framework */ = {isa = PBXFileReference; lastKnownFileType = wrapper.framework; name = MessageUI.framework; path = System/Library/Frameworks/MessageUI.framework; sourceTree = SDKROOT; };
		D8F44CB619321E3E008925BA /* UIShareMask@2x.png */ = {isa = PBXFileReference; lastKnownFileType = image.png; path = "UIShareMask@2x.png"; sourceTree = "<group>"; };
/* End PBXFileReference section */

/* Begin PBXFrameworksBuildPhase section */
		D89B888218ED30B700D316FC /* Frameworks */ = {
			isa = PBXFrameworksBuildPhase;
			buildActionMask = 2147483647;
			files = (
				D8F44CB519321C3B008925BA /* MessageUI.framework in Frameworks */,
				D8EA1BBE18F14C88002E74CB /* libz.dylib in Frameworks */,
				D83A88F918EEABD300B8261D /* QuartzCore.framework in Frameworks */,
				D89B888B18ED30B700D316FC /* CoreGraphics.framework in Frameworks */,
				D89B888D18ED30B700D316FC /* UIKit.framework in Frameworks */,
				D89B888918ED30B700D316FC /* Foundation.framework in Frameworks */,
			);
			runOnlyForDeploymentPostprocessing = 0;
		};
		D89B88A618ED30B700D316FC /* Frameworks */ = {
			isa = PBXFrameworksBuildPhase;
			buildActionMask = 2147483647;
			files = (
				D89B88AB18ED30B700D316FC /* XCTest.framework in Frameworks */,
				D89B88AD18ED30B700D316FC /* UIKit.framework in Frameworks */,
				D89B88AC18ED30B700D316FC /* Foundation.framework in Frameworks */,
			);
			runOnlyForDeploymentPostprocessing = 0;
		};
/* End PBXFrameworksBuildPhase section */

/* Begin PBXGroup section */
		D81DFEB31C0B2323005D4EF7 /* ViewController */ = {
			isa = PBXGroup;
			children = (
				D89B88A018ED30B700D316FC /* ViewController.h */,
				D89B88A118ED30B700D316FC /* ViewController.m */,
				D8F44CB11932148A008925BA /* SettingTableViewController.h */,
				D8F44CB21932148A008925BA /* SettingTableViewController.m */,
			);
			name = ViewController;
			sourceTree = "<group>";
		};
		D81DFEB41C0B2388005D4EF7 /* Resources */ = {
			isa = PBXGroup;
			children = (
				D8AF5F0418EFE9510074FCB8 /* light.ttf */,
				D87C3DF818EEBD67002771D2 /* mp3 */,
				D865D7FB18ED991E0081594B /* pic */,
				D8F44CAF1932144A008925BA /* FavoritesPlaceholder@2x.png */,
				D8F44CAB1932121F008925BA /* card-transport-mail@2x.png */,
				D8F44CA9193211F8008925BA /* ShareSheetGift@2x.png */,
				D8F44CA7193211DA008925BA /* rating-star@2x.png */,
				D8EA1BC718F14E4A002E74CB /* icon.png */,
				D8EA1B1D18F14653002E74CB /* touch.png */,
				D8AF5F0B18F005DB0074FCB8 /* xx.png */,
			);
			name = Resources;
			path = ..;
			sourceTree = "<group>";
		};
		D83A88F418EEA4DE00B8261D /* WaterView */ = {
			isa = PBXGroup;
			children = (
				D8D73D8C18EFA8AC00B6234D /* Slide.xib */,
				D8D73D9318EFBF0B00B6234D /* CoreView */,
				D8123AE918F0C14500D7742F /* RNFrostedSidebar.h */,
				D8123AEA18F0C14500D7742F /* RNFrostedSidebar.m */,
				D83A88F518EEA76100B8261D /* Water.h */,
				D83A88F618EEA76100B8261D /* Water.m */,
				D87C3DFD18EED11B002771D2 /* TimeView.h */,
				D87C3DFE18EED11B002771D2 /* TimeView.m */,
			);
			name = WaterView;
			path = ..;
			sourceTree = "<group>";
		};
		D865D7FB18ED991E0081594B /* pic */ = {
			isa = PBXGroup;
			children = (
				D8F44CB619321E3E008925BA /* UIShareMask@2x.png */,
				D89E882518F0658400D8CE65 /* Icon.png */,
				D89E882118F05B9E00D8CE65 /* timer_icon_timelist.png */,
				D8AF5F0D18F0065B0074FCB8 /* xxx.png */,
				D8AF5F0718F004D20074FCB8 /* bg_bg.png */,
				D87C3DF918EEC5FE002771D2 /* timer_wave2.png */,
				D87C3DFA18EEC5FE002771D2 /* timer_wave1.png */,
				D865D7F118ED99180081594B /* timer_clockdown.png */,
				D865D7F218ED99180081594B /* timer_clockup.png */,
				D865D7F318ED99180081594B /* timer_item_repeatline.png */,
				D865D7F418ED99180081594B /* timer_water.png */,
			);
			name = pic;
			path = countdown;
			sourceTree = "<group>";
		};
		D87C3DF818EEBD67002771D2 /* mp3 */ = {
			isa = PBXGroup;
			children = (
				D87C3DEA18EEBD5B002771D2 /* didi.mp3 */,
				D87C3DEB18EEBD5B002771D2 /* waterdrop_4.mp3 */,
				D87C3DEC18EEBD5B002771D2 /* waterdrop_5.mp3 */,
				D87C3DED18EEBD5B002771D2 /* waterdrop_6.mp3 */,
				D87C3DEE18EEBD5B002771D2 /* waterdrop_7.mp3 */,
				D87C3DEF18EEBD5B002771D2 /* waterdrop_8.mp3 */,
				D87C3DF018EEBD5B002771D2 /* waterdrop_9.mp3 */,
			);
			name = mp3;
			path = countdown;
			sourceTree = "<group>";
		};
		D89B887C18ED30B700D316FC = {
			isa = PBXGroup;
			children = (
				D89B888E18ED30B700D316FC /* countdown */,
				D89B88B018ED30B700D316FC /* countdownTests */,
				D89B888718ED30B700D316FC /* Frameworks */,
				D89B888618ED30B700D316FC /* Products */,
			);
			sourceTree = "<group>";
		};
		D89B888618ED30B700D316FC /* Products */ = {
			isa = PBXGroup;
			children = (
				D89B888518ED30B700D316FC /* countdown.app */,
				D89B88A918ED30B700D316FC /* countdownTests.xctest */,
			);
			name = Products;
			sourceTree = "<group>";
		};
		D89B888718ED30B700D316FC /* Frameworks */ = {
			isa = PBXGroup;
			children = (
				D8F44CB419321C3B008925BA /* MessageUI.framework */,
				D8EA1BBD18F14C88002E74CB /* libz.dylib */,
				D83A88F818EEABD300B8261D /* QuartzCore.framework */,
				D89B888818ED30B700D316FC /* Foundation.framework */,
				D89B888A18ED30B700D316FC /* CoreGraphics.framework */,
				D89B888C18ED30B700D316FC /* UIKit.framework */,
				D89B88AA18ED30B700D316FC /* XCTest.framework */,
			);
			name = Frameworks;
			sourceTree = "<group>";
		};
		D89B888E18ED30B700D316FC /* countdown */ = {
			isa = PBXGroup;
			children = (
				D81DFEB41C0B2388005D4EF7 /* Resources */,
				D83A88F418EEA4DE00B8261D /* WaterView */,
				D81DFEB31C0B2323005D4EF7 /* ViewController */,
				D89B88A318ED30B700D316FC /* Images.xcassets */,
				D89B888F18ED30B700D316FC /* Supporting Files */,
			);
			path = countdown;
			sourceTree = "<group>";
		};
		D89B888F18ED30B700D316FC /* Supporting Files */ = {
			isa = PBXGroup;
			children = (
				D89B889718ED30B700D316FC /* AppDelegate.h */,
				D89B889818ED30B700D316FC /* AppDelegate.m */,
				D89B889A18ED30B700D316FC /* Main_iPhone.storyboard */,
				D89B889018ED30B700D316FC /* countdown-Info.plist */,
				D89B889118ED30B700D316FC /* InfoPlist.strings */,
				D89B889418ED30B700D316FC /* main.m */,
				D89B889618ED30B700D316FC /* countdown-Prefix.pch */,
			);
			name = "Supporting Files";
			sourceTree = "<group>";
		};
		D89B88B018ED30B700D316FC /* countdownTests */ = {
			isa = PBXGroup;
			children = (
				D89B88B618ED30B700D316FC /* countdownTests.m */,
				D89B88B118ED30B700D316FC /* Supporting Files */,
			);
			path = countdownTests;
			sourceTree = "<group>";
		};
		D89B88B118ED30B700D316FC /* Supporting Files */ = {
			isa = PBXGroup;
			children = (
				D89B88B218ED30B700D316FC /* countdownTests-Info.plist */,
				D89B88B318ED30B700D316FC /* InfoPlist.strings */,
			);
			name = "Supporting Files";
			sourceTree = "<group>";
		};
		D8D73D9318EFBF0B00B6234D /* CoreView */ = {
			isa = PBXGroup;
			children = (
				D8D73D9018EFBB4500B6234D /* SlideView.h */,
				D8D73D9118EFBB4500B6234D /* SlideView.m */,
				D87C3E0018EED385002771D2 /* WaterWave.h */,
				D87C3E0118EED385002771D2 /* WaterWave.m */,
				D83A88EE18EEA4C700B8261D /* WaterUpView.h */,
				D83A88EF18EEA4C700B8261D /* WaterUpView.m */,
				D83A88F118EEA4D900B8261D /* WaterDownView.h */,
				D83A88F218EEA4D900B8261D /* WaterDownView.m */,
			);
			name = CoreView;
			sourceTree = "<group>";
		};
/* End PBXGroup section */

/* Begin PBXNativeTarget section */
		D89B888418ED30B700D316FC /* countdown */ = {
			isa = PBXNativeTarget;
			buildConfigurationList = D89B88BA18ED30B700D316FC /* Build configuration list for PBXNativeTarget "countdown" */;
			buildPhases = (
				D89B888118ED30B700D316FC /* Sources */,
				D89B888218ED30B700D316FC /* Frameworks */,
				D89B888318ED30B700D316FC /* Resources */,
			);
			buildRules = (
			);
			dependencies = (
			);
			name = countdown;
			productName = countdown;
			productReference = D89B888518ED30B700D316FC /* countdown.app */;
			productType = "com.apple.product-type.application";
		};
		D89B88A818ED30B700D316FC /* countdownTests */ = {
			isa = PBXNativeTarget;
			buildConfigurationList = D89B88BD18ED30B700D316FC /* Build configuration list for PBXNativeTarget "countdownTests" */;
			buildPhases = (
				D89B88A518ED30B700D316FC /* Sources */,
				D89B88A618ED30B700D316FC /* Frameworks */,
				D89B88A718ED30B700D316FC /* Resources */,
			);
			buildRules = (
			);
			dependencies = (
				D89B88AF18ED30B700D316FC /* PBXTargetDependency */,
			);
			name = countdownTests;
			productName = countdownTests;
			productReference = D89B88A918ED30B700D316FC /* countdownTests.xctest */;
			productType = "com.apple.product-type.bundle.unit-test";
		};
/* End PBXNativeTarget section */

/* Begin PBXProject section */
		D89B887D18ED30B700D316FC /* Project object */ = {
			isa = PBXProject;
			attributes = {
				LastUpgradeCheck = 0710;
				ORGANIZATIONNAME = JackRex;
				TargetAttributes = {
					D89B88A818ED30B700D316FC = {
						TestTargetID = D89B888418ED30B700D316FC;
					};
				};
			};
			buildConfigurationList = D89B888018ED30B700D316FC /* Build configuration list for PBXProject "countdown" */;
			compatibilityVersion = "Xcode 3.2";
			developmentRegion = English;
			hasScannedForEncodings = 0;
			knownRegions = (
				en,
				Base,
				"zh-Hans",
			);
			mainGroup = D89B887C18ED30B700D316FC;
			productRefGroup = D89B888618ED30B700D316FC /* Products */;
			projectDirPath = "";
			projectRoot = "";
			targets = (
				D89B888418ED30B700D316FC /* countdown */,
				D89B88A818ED30B700D316FC /* countdownTests */,
			);
		};
/* End PBXProject section */

/* Begin PBXResourcesBuildPhase section */
		D89B888318ED30B700D316FC /* Resources */ = {
			isa = PBXResourcesBuildPhase;
			buildActionMask = 2147483647;
			files = (
				D8AF5F0518EFE9550074FCB8 /* light.ttf in Resources */,
				D89B88A418ED30B700D316FC /* Images.xcassets in Resources */,
				D8AF5F0C18F005DB0074FCB8 /* xx.png in Resources */,
				D865D7F818ED99180081594B /* timer_item_repeatline.png in Resources */,
				D8F44CAA193211F8008925BA /* ShareSheetGift@2x.png in Resources */,
				D89B889C18ED30B700D316FC /* Main_iPhone.storyboard in Resources */,
				D8F44CB719321E3E008925BA /* UIShareMask@2x.png in Resources */,
				D87C3DF618EEBD5B002771D2 /* waterdrop_8.mp3 in Resources */,
				D87C3DF718EEBD5B002771D2 /* waterdrop_9.mp3 in Resources */,
				D8F44CAC1932121F008925BA /* card-transport-mail@2x.png in Resources */,
				D8F44CA8193211DA008925BA /* rating-star@2x.png in Resources */,
				D87C3DF318EEBD5B002771D2 /* waterdrop_5.mp3 in Resources */,
				D8EA1B1E18F14653002E74CB /* touch.png in Resources */,
				D87C3DFB18EEC5FE002771D2 /* timer_wave2.png in Resources */,
				D89E882618F0658400D8CE65 /* Icon.png in Resources */,
				D87C3DF218EEBD5B002771D2 /* waterdrop_4.mp3 in Resources */,
				D8F44CB01932144A008925BA /* FavoritesPlaceholder@2x.png in Resources */,
				D87C3DF418EEBD5B002771D2 /* waterdrop_6.mp3 in Resources */,
				D89E882218F05B9E00D8CE65 /* timer_icon_timelist.png in Resources */,
				D8AF5F0818F004D20074FCB8 /* bg_bg.png in Resources */,
				D87C3DF518EEBD5B002771D2 /* waterdrop_7.mp3 in Resources */,
				D8EA1BC818F14E4A002E74CB /* icon.png in Resources */,
				D865D7F718ED99180081594B /* timer_clockup.png in Resources */,
				D87C3DFC18EEC5FE002771D2 /* timer_wave1.png in Resources */,
				D87C3DF118EEBD5B002771D2 /* didi.mp3 in Resources */,
				D8AF5F0E18F0065B0074FCB8 /* xxx.png in Resources */,
				D865D7F918ED99180081594B /* timer_water.png in Resources */,
				D865D7F618ED99180081594B /* timer_clockdown.png in Resources */,
				D89B889318ED30B700D316FC /* InfoPlist.strings in Resources */,
				D8D73D8D18EFA8AC00B6234D /* Slide.xib in Resources */,
			);
			runOnlyForDeploymentPostprocessing = 0;
		};
		D89B88A718ED30B700D316FC /* Resources */ = {
			isa = PBXResourcesBuildPhase;
			buildActionMask = 2147483647;
			files = (
				D89B88B518ED30B700D316FC /* InfoPlist.strings in Resources */,
			);
			runOnlyForDeploymentPostprocessing = 0;
		};
/* End PBXResourcesBuildPhase section */

/* Begin PBXSourcesBuildPhase section */
		D89B888118ED30B700D316FC /* Sources */ = {
			isa = PBXSourcesBuildPhase;
			buildActionMask = 2147483647;
			files = (
				D83A88F318EEA4D900B8261D /* WaterDownView.m in Sources */,
				D8AF5F0618EFE95A0074FCB8 /* light.ttf in Sources */,
				D89B88A218ED30B700D316FC /* ViewController.m in Sources */,
				D89B889918ED30B700D316FC /* AppDelegate.m in Sources */,
				D8F44CB31932148A008925BA /* SettingTableViewController.m in Sources */,
				D83A88F718EEA76100B8261D /* Water.m in Sources */,
				D87C3E0218EED385002771D2 /* WaterWave.m in Sources */,
				D8D73D9218EFBB4500B6234D /* SlideView.m in Sources */,
				D8123AEB18F0C14500D7742F /* RNFrostedSidebar.m in Sources */,
				D89B889518ED30B700D316FC /* main.m in Sources */,
				D83A88F018EEA4C700B8261D /* WaterUpView.m in Sources */,
				D87C3DFF18EED11B002771D2 /* TimeView.m in Sources */,
			);
			runOnlyForDeploymentPostprocessing = 0;
		};
		D89B88A518ED30B700D316FC /* Sources */ = {
			isa = PBXSourcesBuildPhase;
			buildActionMask = 2147483647;
			files = (
				D89B88B718ED30B700D316FC /* countdownTests.m in Sources */,
			);
			runOnlyForDeploymentPostprocessing = 0;
		};
/* End PBXSourcesBuildPhase section */

/* Begin PBXTargetDependency section */
		D89B88AF18ED30B700D316FC /* PBXTargetDependency */ = {
			isa = PBXTargetDependency;
			target = D89B888418ED30B700D316FC /* countdown */;
			targetProxy = D89B88AE18ED30B700D316FC /* PBXContainerItemProxy */;
		};
/* End PBXTargetDependency section */

/* Begin PBXVariantGroup section */
		D89B889118ED30B700D316FC /* InfoPlist.strings */ = {
			isa = PBXVariantGroup;
			children = (
				D89B889218ED30B700D316FC /* en */,
				D8EA1BCB18F15A01002E74CB /* zh-Hans */,
			);
			name = InfoPlist.strings;
			sourceTree = "<group>";
		};
		D89B889A18ED30B700D316FC /* Main_iPhone.storyboard */ = {
			isa = PBXVariantGroup;
			children = (
				D89B889B18ED30B700D316FC /* Base */,
				D8EA1BC918F15A01002E74CB /* zh-Hans */,
			);
			name = Main_iPhone.storyboard;
			sourceTree = "<group>";
		};
		D89B88B318ED30B700D316FC /* InfoPlist.strings */ = {
			isa = PBXVariantGroup;
			children = (
				D89B88B418ED30B700D316FC /* en */,
				D8EA1BCC18F15A02002E74CB /* zh-Hans */,
			);
			name = InfoPlist.strings;
			sourceTree = "<group>";
		};
/* End PBXVariantGroup section */

/* Begin XCBuildConfiguration section */
		D89B88B818ED30B700D316FC /* Debug */ = {
			isa = XCBuildConfiguration;
			buildSettings = {
				ALWAYS_SEARCH_USER_PATHS = NO;
				CLANG_CXX_LANGUAGE_STANDARD = "gnu++0x";
				CLANG_CXX_LIBRARY = "libc++";
				CLANG_ENABLE_MODULES = YES;
				CLANG_ENABLE_OBJC_ARC = YES;
				CLANG_WARN_BOOL_CONVERSION = YES;
				CLANG_WARN_CONSTANT_CONVERSION = YES;
				CLANG_WARN_DIRECT_OBJC_ISA_USAGE = YES_ERROR;
				CLANG_WARN_EMPTY_BODY = YES;
				CLANG_WARN_ENUM_CONVERSION = YES;
				CLANG_WARN_INT_CONVERSION = YES;
				CLANG_WARN_OBJC_ROOT_CLASS = YES_ERROR;
				CLANG_WARN__DUPLICATE_METHOD_MATCH = YES;
				"CODE_SIGN_IDENTITY[sdk=iphoneos*]" = "iPhone Developer";
				COPY_PHASE_STRIP = NO;
				ENABLE_TESTABILITY = YES;
				GCC_C_LANGUAGE_STANDARD = gnu99;
				GCC_DYNAMIC_NO_PIC = NO;
				GCC_OPTIMIZATION_LEVEL = 0;
				GCC_PREPROCESSOR_DEFINITIONS = (
					"DEBUG=1",
					"$(inherited)",
				);
				GCC_SYMBOLS_PRIVATE_EXTERN = NO;
				GCC_WARN_64_TO_32_BIT_CONVERSION = YES;
				GCC_WARN_ABOUT_RETURN_TYPE = YES_ERROR;
				GCC_WARN_UNDECLARED_SELECTOR = YES;
				GCC_WARN_UNINITIALIZED_AUTOS = YES_AGGRESSIVE;
				GCC_WARN_UNUSED_FUNCTION = YES;
				GCC_WARN_UNUSED_VARIABLE = YES;
				IPHONEOS_DEPLOYMENT_TARGET = 7.0;
				ONLY_ACTIVE_ARCH = YES;
				SDKROOT = iphoneos;
				TARGETED_DEVICE_FAMILY = "1,2";
			};
			name = Debug;
		};
		D89B88B918ED30B700D316FC /* Release */ = {
			isa = XCBuildConfiguration;
			buildSettings = {
				ALWAYS_SEARCH_USER_PATHS = NO;
				CLANG_CXX_LANGUAGE_STANDARD = "gnu++0x";
				CLANG_CXX_LIBRARY = "libc++";
				CLANG_ENABLE_MODULES = YES;
				CLANG_ENABLE_OBJC_ARC = YES;
				CLANG_WARN_BOOL_CONVERSION = YES;
				CLANG_WARN_CONSTANT_CONVERSION = YES;
				CLANG_WARN_DIRECT_OBJC_ISA_USAGE = YES_ERROR;
				CLANG_WARN_EMPTY_BODY = YES;
				CLANG_WARN_ENUM_CONVERSION = YES;
				CLANG_WARN_INT_CONVERSION = YES;
				CLANG_WARN_OBJC_ROOT_CLASS = YES_ERROR;
				CLANG_WARN__DUPLICATE_METHOD_MATCH = YES;
				"CODE_SIGN_IDENTITY[sdk=iphoneos*]" = "iPhone Developer";
				COPY_PHASE_STRIP = YES;
				ENABLE_NS_ASSERTIONS = NO;
				GCC_C_LANGUAGE_STANDARD = gnu99;
				GCC_WARN_64_TO_32_BIT_CONVERSION = YES;
				GCC_WARN_ABOUT_RETURN_TYPE = YES_ERROR;
				GCC_WARN_UNDECLARED_SELECTOR = YES;
				GCC_WARN_UNINITIALIZED_AUTOS = YES_AGGRESSIVE;
				GCC_WARN_UNUSED_FUNCTION = YES;
				GCC_WARN_UNUSED_VARIABLE = YES;
				IPHONEOS_DEPLOYMENT_TARGET = 7.0;
				SDKROOT = iphoneos;
				TARGETED_DEVICE_FAMILY = "1,2";
				VALIDATE_PRODUCT = YES;
			};
			name = Release;
		};
		D89B88BB18ED30B700D316FC /* Debug */ = {
			isa = XCBuildConfiguration;
			buildSettings = {
				ASSETCATALOG_COMPILER_APPICON_NAME = AppIcon;
				ASSETCATALOG_COMPILER_LAUNCHIMAGE_NAME = LaunchImage;
				CODE_SIGN_IDENTITY = "iPhone Developer";
				"CODE_SIGN_IDENTITY[sdk=iphoneos*]" = "iPhone Developer";
				ENABLE_BITCODE = NO;
				GCC_PRECOMPILE_PREFIX_HEADER = YES;
				GCC_PREFIX_HEADER = "countdown/countdown-Prefix.pch";
				INFOPLIST_FILE = "countdown/countdown-Info.plist";
				LIBRARY_SEARCH_PATHS = (
					"$(inherited)",
					"$(PROJECT_DIR)/UMAnalytics_Sdk_2.2.1.OpenUDID",
					"$(PROJECT_DIR)/umeng_ios_social_sdk_3.3.6_custom/UMSocial_Sdk_3.3.6",
					"$(PROJECT_DIR)/umeng_ios_social_sdk_3.3.6_custom/UMSocial_Sdk_Extra_Frameworks/Instagram",
					"$(PROJECT_DIR)/umeng_ios_social_sdk_3.3.6_custom/UMSocial_Sdk_Extra_Frameworks/UMSocial_ScreenShot_Sdk",
					"$(PROJECT_DIR)/umeng_ios_social_sdk_3.3.6_custom/UMSocial_Sdk_Extra_Frameworks/UMSocial_Shake_Sdk",
					"$(PROJECT_DIR)/umeng_ios_social_sdk_3.3.6_custom/UMSocial_Sdk_Extra_Frameworks/Wechat",
					"$(PROJECT_DIR)/UMSocial_Sdk_3.3.6",
					"$(PROJECT_DIR)/UMSocial_Sdk_Extra_Frameworks/Instagram",
					"$(PROJECT_DIR)/UMSocial_Sdk_Extra_Frameworks/UMSocial_ScreenShot_Sdk",
					"$(PROJECT_DIR)/UMSocial_Sdk_Extra_Frameworks/UMSocial_Shake_Sdk",
					"$(PROJECT_DIR)/UMSocial_Sdk_Extra_Frameworks/Wechat",
					"$(PROJECT_DIR)/admob",
					"$(PROJECT_DIR)/Analytics_iOS_SDK_3.1.2/UMAnalytics_Sdk_3.1.2",
				);
				ONLY_ACTIVE_ARCH = NO;
				OTHER_LDFLAGS = "-ObjC";
				PRODUCT_BUNDLE_IDENTIFIER = info.jackrex.time;
				PRODUCT_NAME = "$(TARGET_NAME)";
				PROVISIONING_PROFILE = "";
				TARGETED_DEVICE_FAMILY = 1;
				VALID_ARCHS = armv7;
				WRAPPER_EXTENSION = app;
			};
			name = Debug;
		};
		D89B88BC18ED30B700D316FC /* Release */ = {
			isa = XCBuildConfiguration;
			buildSettings = {
				ASSETCATALOG_COMPILER_APPICON_NAME = AppIcon;
				ASSETCATALOG_COMPILER_LAUNCHIMAGE_NAME = LaunchImage;
				CODE_SIGN_IDENTITY = "iPhone Developer";
				"CODE_SIGN_IDENTITY[sdk=iphoneos*]" = "iPhone Developer";
				ENABLE_BITCODE = NO;
				GCC_PRECOMPILE_PREFIX_HEADER = YES;
				GCC_PREFIX_HEADER = "countdown/countdown-Prefix.pch";
				INFOPLIST_FILE = "countdown/countdown-Info.plist";
				LIBRARY_SEARCH_PATHS = (
					"$(inherited)",
					"$(PROJECT_DIR)/UMAnalytics_Sdk_2.2.1.OpenUDID",
					"$(PROJECT_DIR)/umeng_ios_social_sdk_3.3.6_custom/UMSocial_Sdk_3.3.6",
					"$(PROJECT_DIR)/umeng_ios_social_sdk_3.3.6_custom/UMSocial_Sdk_Extra_Frameworks/Instagram",
					"$(PROJECT_DIR)/umeng_ios_social_sdk_3.3.6_custom/UMSocial_Sdk_Extra_Frameworks/UMSocial_ScreenShot_Sdk",
					"$(PROJECT_DIR)/umeng_ios_social_sdk_3.3.6_custom/UMSocial_Sdk_Extra_Frameworks/UMSocial_Shake_Sdk",
					"$(PROJECT_DIR)/umeng_ios_social_sdk_3.3.6_custom/UMSocial_Sdk_Extra_Frameworks/Wechat",
					"$(PROJECT_DIR)/UMSocial_Sdk_3.3.6",
					"$(PROJECT_DIR)/UMSocial_Sdk_Extra_Frameworks/Instagram",
					"$(PROJECT_DIR)/UMSocial_Sdk_Extra_Frameworks/UMSocial_ScreenShot_Sdk",
					"$(PROJECT_DIR)/UMSocial_Sdk_Extra_Frameworks/UMSocial_Shake_Sdk",
					"$(PROJECT_DIR)/UMSocial_Sdk_Extra_Frameworks/Wechat",
					"$(PROJECT_DIR)/admob",
					"$(PROJECT_DIR)/Analytics_iOS_SDK_3.1.2/UMAnalytics_Sdk_3.1.2",
				);
				ONLY_ACTIVE_ARCH = NO;
				OTHER_LDFLAGS = "-ObjC";
				PRODUCT_BUNDLE_IDENTIFIER = info.jackrex.time;
				PRODUCT_NAME = "$(TARGET_NAME)";
				PROVISIONING_PROFILE = "";
				TARGETED_DEVICE_FAMILY = 1;
				VALID_ARCHS = armv7;
				WRAPPER_EXTENSION = app;
			};
			name = Release;
		};
		D89B88BE18ED30B700D316FC /* Debug */ = {
			isa = XCBuildConfiguration;
			buildSettings = {
				BUNDLE_LOADER = "$(BUILT_PRODUCTS_DIR)/countdown.app/countdown";
				FRAMEWORK_SEARCH_PATHS = (
					"$(SDKROOT)/Developer/Library/Frameworks",
					"$(inherited)",
					"$(DEVELOPER_FRAMEWORKS_DIR)",
				);
				GCC_PRECOMPILE_PREFIX_HEADER = YES;
				GCC_PREFIX_HEADER = "countdown/countdown-Prefix.pch";
				GCC_PREPROCESSOR_DEFINITIONS = (
					"DEBUG=1",
					"$(inherited)",
				);
				INFOPLIST_FILE = "countdownTests/countdownTests-Info.plist";
				PRODUCT_BUNDLE_IDENTIFIER = "info.jackrex.${PRODUCT_NAME:rfc1034identifier}";
				PRODUCT_NAME = "$(TARGET_NAME)";
				TEST_HOST = "$(BUNDLE_LOADER)";
				WRAPPER_EXTENSION = xctest;
			};
			name = Debug;
		};
		D89B88BF18ED30B700D316FC /* Release */ = {
			isa = XCBuildConfiguration;
			buildSettings = {
				BUNDLE_LOADER = "$(BUILT_PRODUCTS_DIR)/countdown.app/countdown";
				FRAMEWORK_SEARCH_PATHS = (
					"$(SDKROOT)/Developer/Library/Frameworks",
					"$(inherited)",
					"$(DEVELOPER_FRAMEWORKS_DIR)",
				);
				GCC_PRECOMPILE_PREFIX_HEADER = YES;
				GCC_PREFIX_HEADER = "countdown/countdown-Prefix.pch";
				INFOPLIST_FILE = "countdownTests/countdownTests-Info.plist";
				PRODUCT_BUNDLE_IDENTIFIER = "info.jackrex.${PRODUCT_NAME:rfc1034identifier}";
				PRODUCT_NAME = "$(TARGET_NAME)";
				TEST_HOST = "$(BUNDLE_LOADER)";
				WRAPPER_EXTENSION = xctest;
			};
			name = Release;
		};
/* End XCBuildConfiguration section */

/* Begin XCConfigurationList section */
		D89B888018ED30B700D316FC /* Build configuration list for PBXProject "countdown" */ = {
			isa = XCConfigurationList;
			buildConfigurations = (
				D89B88B818ED30B700D316FC /* Debug */,
				D89B88B918ED30B700D316FC /* Release */,
			);
			defaultConfigurationIsVisible = 0;
			defaultConfigurationName = Release;
		};
		D89B88BA18ED30B700D316FC /* Build configuration list for PBXNativeTarget "countdown" */ = {
			isa = XCConfigurationList;
			buildConfigurations = (
				D89B88BB18ED30B700D316FC /* Debug */,
				D89B88BC18ED30B700D316FC /* Release */,
			);
			defaultConfigurationIsVisible = 0;
			defaultConfigurationName = Release;
		};
		D89B88BD18ED30B700D316FC /* Build configuration list for PBXNativeTarget "countdownTests" */ = {
			isa = XCConfigurationList;
			buildConfigurations = (
				D89B88BE18ED30B700D316FC /* Debug */,
				D89B88BF18ED30B700D316FC /* Release */,
			);
			defaultConfigurationIsVisible = 0;
			defaultConfigurationName = Release;
		};
/* End XCConfigurationList section */
	};
	rootObject = D89B887D18ED30B700D316FC /* Project object */;
}
